{
  "version": 4,
  "terraform_version": "1.14.8",
  "serial": 3,
  "lineage": "5e20b4fb-b568-31b6-99bc-108364d7578f",
  "outputs": {},
  "resources": [
    {
      "mode": "managed",
      "type": "dbtcloud_project",
      "name": "test",
      "provider": "provider[\"registry.terraform.io/dbt-labs/dbtcloud\"]",
      "instances": [
        {
          "schema_version": 0,
          "attributes": {
            "dbt_project_subdirectory": "",
            "description": "",
            "id": 70403103998167,
            "name": "write-only-test",
            "type": 0
          },
          "sensitive_attributes": [],
          "identity_schema_version": 0
        }
      ]
    },
    {
      "mode": "managed",
      "type": "dbtcloud_snowflake_credential",
      "name": "test",
      "provider": "provider[\"registry.terraform.io/dbt-labs/dbtcloud\"]",
      "instances": [
        {
          "schema_version": 0,
          "attributes": {
            "auth_type": "password",
            "credential_id": 70403104025035,
            "database": "MY_DB",
            "id": "70403103998167:70403104025035",
            "is_active": true,
            "num_threads": 3,
            "password": "",
            "password_wo": null,
            "password_wo_version": 1,
            "private_key": "",
            "private_key_passphrase": "",
            "private_key_passphrase_wo": null,
            "private_key_passphrase_wo_version": null,
            "private_key_wo": null,
            "private_key_wo_version": null,
            "project_id": 70403103998167,
            "role": "MY_ROLE",
            "schema": "MY_SCHEMA",
            "semantic_layer_credential": false,
            "user": "MY_USER",
            "warehouse": "MY_WH"
          },
          "sensitive_attributes": [
            [
              {
                "type": "get_attr",
                "value": "password"
              }
            ],
            [
              {
                "type": "get_attr",
                "value": "private_key"
              }
            ],
            [
              {
                "type": "get_attr",
                "value": "private_key_passphrase"
              }
            ]
          ],
          "identity_schema_version": 0,
          "dependencies": [
            "dbtcloud_project.test"
          ]
        }
      ]
    }
  ],
  "check_results": null
}
